
Microsoft Visual Studio Solution File, Format Version 12.00
# Visual Studio Version 16
VisualStudioVersion = 16.0.29326.143
MinimumVisualStudioVersion = 10.0.40219.1
Project("{FAE04EC0-301F-11D3-BF4B-00C04F79EFBC}") = "onlinebooklibary", "onlinebooklibary.csproj", "{5A14014B-B84E-4A3A-8DB1-D3CFF212BEB9}"
EndProject
Global
	GlobalSection(SolutionConfigurationPlatforms) = preSolution
		Debug|Any CPU = Debug|Any CPU
		Release|Any CPU = Release|Any CPU
	EndGlobalSection
	GlobalSection(ProjectConfigurationPlatforms) = postSolution
		{5A14014B-B84E-4A3A-8DB1-D3CFF212BEB9}.Debug|Any CPU.ActiveCfg = Debug|Any CPU
		{5A14014B-B84E-4A3A-8DB1-D3CFF212BEB9}.Debug|Any CPU.Build.0 = Debug|Any CPU
		{5A14014B-B84E-4A3A-8DB1-D3CFF212BEB9}.Release|Any CPU.ActiveCfg = Release|Any CPU
		{5A14014B-B84E-4A3A-8DB1-D3CFF212BEB9}.Release|Any CPU.Build.0 = Release|Any CPU
	EndGlobalSection
	GlobalSection(SolutionProperties) = preSolution
		HideSolutionNode = FALSE
	EndGlobalSection
	GlobalSection(ExtensibilityGlobals) = postSolution
		SolutionGuid = {77C6417A-5F33-43AC-BFDD-4F929D65E18F}
	EndGlobalSection
EndGlobal
